// !$*UTF8*$!
{
	archiveVersion = 1;
	classes = {
	};
	objectVersion = 46;
	objects = {

/* Begin PBXBuildFile section */
		637D8C561979A36C00155352 /* Foundation.framework in Frameworks */ = {isa = PBXBuildFile; fileRef = 637D8C551979A36C00155352 /* Foundation.framework */; };
		637D8C581979A36C00155352 /* CoreGraphics.framework in Frameworks */ = {isa = PBXBuildFile; fileRef = 637D8C571979A36C00155352 /* CoreGraphics.framework */; };
		637D8C5A1979A36D00155352 /* UIKit.framework in Frameworks */ = {isa = PBXBuildFile; fileRef = 637D8C591979A36D00155352 /* UIKit.framework */; };
		637D8C601979A36D00155352 /* InfoPlist.strings in Resources */ = {isa = PBXBuildFile; fileRef = 637D8C5E1979A36D00155352 /* InfoPlist.strings */; };
		637D8C621979A36D00155352 /* main.m in Sources */ = {isa = PBXBuildFile; fileRef = 637D8C611979A36D00155352 /* main.m */; };
		637D8C661979A36D00155352 /* ZUMAppDelegate.m in Sources */ = {isa = PBXBuildFile; fileRef = 637D8C651979A36D00155352 /* ZUMAppDelegate.m */; };
		637D8C691979A36D00155352 /* Main_iPhone.storyboard in Resources */ = {isa = PBXBuildFile; fileRef = 637D8C671979A36D00155352 /* Main_iPhone.storyboard */; };
		637D8C6C1979A36D00155352 /* Main_iPad.storyboard in Resources */ = {isa = PBXBuildFile; fileRef = 637D8C6A1979A36D00155352 /* Main_iPad.storyboard */; };
		637D8C6F1979A36D00155352 /* ZUMViewController.m in Sources */ = {isa = PBXBuildFile; fileRef = 637D8C6E1979A36D00155352 /* ZUMViewController.m */; };
		637D8C711979A36D00155352 /* Images.xcassets in Resources */ = {isa = PBXBuildFile; fileRef = 637D8C701979A36D00155352 /* Images.xcassets */; };
		637D8C781979A36D00155352 /* XCTest.framework in Frameworks */ = {isa = PBXBuildFile; fileRef = 637D8C771979A36D00155352 /* XCTest.framework */; };
		637D8C791979A36D00155352 /* Foundation.framework in Frameworks */ = {isa = PBXBuildFile; fileRef = 637D8C551979A36C00155352 /* Foundation.framework */; };
		637D8C7A1979A36D00155352 /* UIKit.framework in Frameworks */ = {isa = PBXBuildFile; fileRef = 637D8C591979A36D00155352 /* UIKit.framework */; };
		637D8C821979A36D00155352 /* InfoPlist.strings in Resources */ = {isa = PBXBuildFile; fileRef = 637D8C801979A36D00155352 /* InfoPlist.strings */; };
		637D8C841979A36D00155352 /* zack_storage_demoTests.m in Sources */ = {isa = PBXBuildFile; fileRef = 637D8C831979A36D00155352 /* zack_storage_demoTests.m */; };
		637D8C8F1979A3C600155352 /* QSTodoService.m in Sources */ = {isa = PBXBuildFile; fileRef = 637D8C8E1979A3C600155352 /* QSTodoService.m */; };
		637D8C911979A48B00155352 /* libWindowsAzureMobileServices.a in Frameworks */ = {isa = PBXBuildFile; fileRef = 637D8C901979A48B00155352 /* libWindowsAzureMobileServices.a */; };
/* End PBXBuildFile section */

/* Begin PBXContainerItemProxy section */
		637D8C7B1979A36D00155352 /* PBXContainerItemProxy */ = {
			isa = PBXContainerItemProxy;
			containerPortal = 637D8C4A1979A36C00155352 /* Project object */;
			proxyType = 1;
			remoteGlobalIDString = 637D8C511979A36C00155352;
			remoteInfo = "zack-storage-demo";
		};
/* End PBXContainerItemProxy section */

/* Begin PBXFileReference section */
		637D8C521979A36C00155352 /* zack-storage-demo.app */ = {isa = PBXFileReference; explicitFileType = wrapper.application; includeInIndex = 0; path = "zack-storage-demo.app"; sourceTree = BUILT_PRODUCTS_DIR; };
		637D8C551979A36C00155352 /* Foundation.framework */ = {isa = PBXFileReference; lastKnownFileType = wrapper.framework; name = Foundation.framework; path = System/Library/Frameworks/Foundation.framework; sourceTree = SDKROOT; };
		637D8C571979A36C00155352 /* CoreGraphics.framework */ = {isa = PBXFileReference; lastKnownFileType = wrapper.framework; name = CoreGraphics.framework; path = System/Library/Frameworks/CoreGraphics.framework; sourceTree = SDKROOT; };
		637D8C591979A36D00155352 /* UIKit.framework */ = {isa = PBXFileReference; lastKnownFileType = wrapper.framework; name = UIKit.framework; path = System/Library/Frameworks/UIKit.framework; sourceTree = SDKROOT; };
		637D8C5D1979A36D00155352 /* zack-storage-demo-Info.plist */ = {isa = PBXFileReference; lastKnownFileType = text.plist.xml; path = "zack-storage-demo-Info.plist"; sourceTree = "<group>"; };
		637D8C5F1979A36D00155352 /* en */ = {isa = PBXFileReference; lastKnownFileType = text.plist.strings; name = en; path = en.lproj/InfoPlist.strings; sourceTree = "<group>"; };
		637D8C611979A36D00155352 /* main.m */ = {isa = PBXFileReference; lastKnownFileType = sourcecode.c.objc; path = main.m; sourceTree = "<group>"; };
		637D8C631979A36D00155352 /* zack-storage-demo-Prefix.pch */ = {isa = PBXFileReference; lastKnownFileType = sourcecode.c.h; path = "zack-storage-demo-Prefix.pch"; sourceTree = "<group>"; };
		637D8C641979A36D00155352 /* ZUMAppDelegate.h */ = {isa = PBXFileReference; lastKnownFileType = sourcecode.c.h; path = ZUMAppDelegate.h; sourceTree = "<group>"; };
		637D8C651979A36D00155352 /* ZUMAppDelegate.m */ = {isa = PBXFileReference; lastKnownFileType = sourcecode.c.objc; path = ZUMAppDelegate.m; sourceTree = "<group>"; };
		637D8C681979A36D00155352 /* Base */ = {isa = PBXFileReference; lastKnownFileType = file.storyboard; name = Base; path = Base.lproj/Main_iPhone.storyboard; sourceTree = "<group>"; };
		637D8C6B1979A36D00155352 /* Base */ = {isa = PBXFileReference; lastKnownFileType = file.storyboard; name = Base; path = Base.lproj/Main_iPad.storyboard; sourceTree = "<group>"; };
		637D8C6D1979A36D00155352 /* ZUMViewController.h */ = {isa = PBXFileReference; lastKnownFileType = sourcecode.c.h; path = ZUMViewController.h; sourceTree = "<group>"; };
		637D8C6E1979A36D00155352 /* ZUMViewController.m */ = {isa = PBXFileReference; lastKnownFileType = sourcecode.c.objc; path = ZUMViewController.m; sourceTree = "<group>"; };
		637D8C701979A36D00155352 /* Images.xcassets */ = {isa = PBXFileReference; lastKnownFileType = folder.assetcatalog; path = Images.xcassets; sourceTree = "<group>"; };
		637D8C761979A36D00155352 /* zack-storage-demoTests.xctest */ = {isa = PBXFileReference; explicitFileType = wrapper.cfbundle; includeInIndex = 0; path = "zack-storage-demoTests.xctest"; sourceTree = BUILT_PRODUCTS_DIR; };
		637D8C771979A36D00155352 /* XCTest.framework */ = {isa = PBXFileReference; lastKnownFileType = wrapper.framework; name = XCTest.framework; path = Library/Frameworks/XCTest.framework; sourceTree = DEVELOPER_DIR; };
		637D8C7F1979A36D00155352 /* zack-storage-demoTests-Info.plist */ = {isa = PBXFileReference; lastKnownFileType = text.plist.xml; path = "zack-storage-demoTests-Info.plist"; sourceTree = "<group>"; };
		637D8C811979A36D00155352 /* en */ = {isa = PBXFileReference; lastKnownFileType = text.plist.strings; name = en; path = en.lproj/InfoPlist.strings; sourceTree = "<group>"; };
		637D8C831979A36D00155352 /* zack_storage_demoTests.m */ = {isa = PBXFileReference; lastKnownFileType = sourcecode.c.objc; path = zack_storage_demoTests.m; sourceTree = "<group>"; };
		637D8C8D1979A3C600155352 /* QSTodoService.h */ = {isa = PBXFileReference; fileEncoding = 4; lastKnownFileType = sourcecode.c.h; path = QSTodoService.h; sourceTree = "<group>"; };
		637D8C8E1979A3C600155352 /* QSTodoService.m */ = {isa = PBXFileReference; fileEncoding = 4; lastKnownFileType = sourcecode.c.objc; path = QSTodoService.m; sourceTree = "<group>"; };
		637D8C901979A48B00155352 /* libWindowsAzureMobileServices.a */ = {isa = PBXFileReference; lastKnownFileType = archive.ar; name = libWindowsAzureMobileServices.a; path = "../sdk/build/Debug-iphoneos/libWindowsAzureMobileServices.a"; sourceTree = "<group>"; };
/* End PBXFileReference section */

/* Begin PBXFrameworksBuildPhase section */
		637D8C4F1979A36C00155352 /* Frameworks */ = {
			isa = PBXFrameworksBuildPhase;
			buildActionMask = 2147483647;
			files = (
				637D8C911979A48B00155352 /* libWindowsAzureMobileServices.a in Frameworks */,
				637D8C581979A36C00155352 /* CoreGraphics.framework in Frameworks */,
				637D8C5A1979A36D00155352 /* UIKit.framework in Frameworks */,
				637D8C561979A36C00155352 /* Foundation.framework in Frameworks */,
			);
			runOnlyForDeploymentPostprocessing = 0;
		};
		637D8C731979A36D00155352 /* Frameworks */ = {
			isa = PBXFrameworksBuildPhase;
			buildActionMask = 2147483647;
			files = (
				637D8C781979A36D00155352 /* XCTest.framework in Frameworks */,
				637D8C7A1979A36D00155352 /* UIKit.framework in Frameworks */,
				637D8C791979A36D00155352 /* Foundation.framework in Frameworks */,
			);
			runOnlyForDeploymentPostprocessing = 0;
		};
/* End PBXFrameworksBuildPhase section */

/* Begin PBXGroup section */
		637D8C491979A36C00155352 = {
			isa = PBXGroup;
			children = (
				637D8C5B1979A36D00155352 /* zack-storage-demo */,
				637D8C7D1979A36D00155352 /* zack-storage-demoTests */,
				637D8C541979A36C00155352 /* Frameworks */,
				637D8C531979A36C00155352 /* Products */,
			);
			sourceTree = "<group>";
		};
		637D8C531979A36C00155352 /* Products */ = {
			isa = PBXGroup;
			children = (
				637D8C521979A36C00155352 /* zack-storage-demo.app */,
				637D8C761979A36D00155352 /* zack-storage-demoTests.xctest */,
			);
			name = Products;
			sourceTree = "<group>";
		};
		637D8C541979A36C00155352 /* Frameworks */ = {
			isa = PBXGroup;
			children = (
				637D8C901979A48B00155352 /* libWindowsAzureMobileServices.a */,
				637D8C551979A36C00155352 /* Foundation.framework */,
				637D8C571979A36C00155352 /* CoreGraphics.framework */,
				637D8C591979A36D00155352 /* UIKit.framework */,
				637D8C771979A36D00155352 /* XCTest.framework */,
			);
			name = Frameworks;
			sourceTree = "<group>";
		};
		637D8C5B1979A36D00155352 /* zack-storage-demo */ = {
			isa = PBXGroup;
			children = (
				637D8C8D1979A3C600155352 /* QSTodoService.h */,
				637D8C8E1979A3C600155352 /* QSTodoService.m */,
				637D8C641979A36D00155352 /* ZUMAppDelegate.h */,
				637D8C651979A36D00155352 /* ZUMAppDelegate.m */,
				637D8C671979A36D00155352 /* Main_iPhone.storyboard */,
				637D8C6A1979A36D00155352 /* Main_iPad.storyboard */,
				637D8C6D1979A36D00155352 /* ZUMViewController.h */,
				637D8C6E1979A36D00155352 /* ZUMViewController.m */,
				637D8C701979A36D00155352 /* Images.xcassets */,
				637D8C5C1979A36D00155352 /* Supporting Files */,
			);
			path = "zack-storage-demo";
			sourceTree = "<group>";
		};
		637D8C5C1979A36D00155352 /* Supporting Files */ = {
			isa = PBXGroup;
			children = (
				637D8C5D1979A36D00155352 /* zack-storage-demo-Info.plist */,
				637D8C5E1979A36D00155352 /* InfoPlist.strings */,
				637D8C611979A36D00155352 /* main.m */,
				637D8C631979A36D00155352 /* zack-storage-demo-Prefix.pch */,
			);
			name = "Supporting Files";
			sourceTree = "<group>";
		};
		637D8C7D1979A36D00155352 /* zack-storage-demoTests */ = {
			isa = PBXGroup;
			children = (
				637D8C831979A36D00155352 /* zack_storage_demoTests.m */,
				637D8C7E1979A36D00155352 /* Supporting Files */,
			);
			path = "zack-storage-demoTests";
			sourceTree = "<group>";
		};
		637D8C7E1979A36D00155352 /* Supporting Files */ = {
			isa = PBXGroup;
			children = (
				637D8C7F1979A36D00155352 /* zack-storage-demoTests-Info.plist */,
				637D8C801979A36D00155352 /* InfoPlist.strings */,
			);
			name = "Supporting Files";
			sourceTree = "<group>";
		};
/* End PBXGroup section */

/* Begin PBXNativeTarget section */
		637D8C511979A36C00155352 /* zack-storage-demo */ = {
			isa = PBXNativeTarget;
			buildConfigurationList = 637D8C871979A36D00155352 /* Build configuration list for PBXNativeTarget "zack-storage-demo" */;
			buildPhases = (
				637D8C4E1979A36C00155352 /* Sources */,
				637D8C4F1979A36C00155352 /* Frameworks */,
				637D8C501979A36C00155352 /* Resources */,
			);
			buildRules = (
			);
			dependencies = (
			);
			name = "zack-storage-demo";
			productName = "zack-storage-demo";
			productReference = 637D8C521979A36C00155352 /* zack-storage-demo.app */;
			productType = "com.apple.product-type.application";
		};
		637D8C751979A36D00155352 /* zack-storage-demoTests */ = {
			isa = PBXNativeTarget;
			buildConfigurationList = 637D8C8A1979A36D00155352 /* Build configuration list for PBXNativeTarget "zack-storage-demoTests" */;
			buildPhases = (
				637D8C721979A36D00155352 /* Sources */,
				637D8C731979A36D00155352 /* Frameworks */,
				637D8C741979A36D00155352 /* Resources */,
			);
			buildRules = (
			);
			dependencies = (
				637D8C7C1979A36D00155352 /* PBXTargetDependency */,
			);
			name = "zack-storage-demoTests";
			productName = "zack-storage-demoTests";
			productReference = 637D8C761979A36D00155352 /* zack-storage-demoTests.xctest */;
			productType = "com.apple.product-type.bundle.unit-test";
		};
/* End PBXNativeTarget section */

/* Begin PBXProject section */
		637D8C4A1979A36C00155352 /* Project object */ = {
			isa = PBXProject;
			attributes = {
				CLASSPREFIX = ZUM;
				LastUpgradeCheck = 0510;
				ORGANIZATIONNAME = "___FULLUSERNAME___";
				TargetAttributes = {
					637D8C751979A36D00155352 = {
						TestTargetID = 637D8C511979A36C00155352;
					};
				};
			};
			buildConfigurationList = 637D8C4D1979A36C00155352 /* Build configuration list for PBXProject "zack-storage-demo" */;
			compatibilityVersion = "Xcode 3.2";
			developmentRegion = English;
			hasScannedForEncodings = 0;
			knownRegions = (
				en,
				Base,
			);
			mainGroup = 637D8C491979A36C00155352;
			productRefGroup = 637D8C531979A36C00155352 /* Products */;
			projectDirPath = "";
			projectRoot = "";
			targets = (
				637D8C511979A36C00155352 /* zack-storage-demo */,
				637D8C751979A36D00155352 /* zack-storage-demoTests */,
			);
		};
/* End PBXProject section */

/* Begin PBXResourcesBuildPhase section */
		637D8C501979A36C00155352 /* Resources */ = {
			isa = PBXResourcesBuildPhase;
			buildActionMask = 2147483647;
			files = (
				637D8C6C1979A36D00155352 /* Main_iPad.storyboard in Resources */,
				637D8C711979A36D00155352 /* Images.xcassets in Resources */,
				637D8C691979A36D00155352 /* Main_iPhone.storyboard in Resources */,
				637D8C601979A36D00155352 /* InfoPlist.strings in Resources */,
			);
			runOnlyForDeploymentPostprocessing = 0;
		};
		637D8C741979A36D00155352 /* Resources */ = {
			isa = PBXResourcesBuildPhase;
			buildActionMask = 2147483647;
			files = (
				637D8C821979A36D00155352 /* InfoPlist.strings in Resources */,
			);
			runOnlyForDeploymentPostprocessing = 0;
		};
/* End PBXResourcesBuildPhase section */

/* Begin PBXSourcesBuildPhase section */
		637D8C4E1979A36C00155352 /* Sources */ = {
			isa = PBXSourcesBuildPhase;
			buildActionMask = 2147483647;
			files = (
				637D8C621979A36D00155352 /* main.m in Sources */,
				637D8C8F1979A3C600155352 /* QSTodoService.m in Sources */,
				637D8C661979A36D00155352 /* ZUMAppDelegate.m in Sources */,
				637D8C6F1979A36D00155352 /* ZUMViewController.m in Sources */,
			);
			runOnlyForDeploymentPostprocessing = 0;
		};
		637D8C721979A36D00155352 /* Sources */ = {
			isa = PBXSourcesBuildPhase;
			buildActionMask = 2147483647;
			files = (
				637D8C841979A36D00155352 /* zack_storage_demoTests.m in Sources */,
			);
			runOnlyForDeploymentPostprocessing = 0;
		};
/* End PBXSourcesBuildPhase section */

/* Begin PBXTargetDependency section */
		637D8C7C1979A36D00155352 /* PBXTargetDependency */ = {
			isa = PBXTargetDependency;
			target = 637D8C511979A36C00155352 /* zack-storage-demo */;
			targetProxy = 637D8C7B1979A36D00155352 /* PBXContainerItemProxy */;
		};
/* End PBXTargetDependency section */

/* Begin PBXVariantGroup section */
		637D8C5E1979A36D00155352 /* InfoPlist.strings */ = {
			isa = PBXVariantGroup;
			children = (
				637D8C5F1979A36D00155352 /* en */,
			);
			name = InfoPlist.strings;
			sourceTree = "<group>";
		};
		637D8C671979A36D00155352 /* Main_iPhone.storyboard */ = {
			isa = PBXVariantGroup;
			children = (
				637D8C681979A36D00155352 /* Base */,
			);
			name = Main_iPhone.storyboard;
			sourceTree = "<group>";
		};
		637D8C6A1979A36D00155352 /* Main_iPad.storyboard */ = {
			isa = PBXVariantGroup;
			children = (
				637D8C6B1979A36D00155352 /* Base */,
			);
			name = Main_iPad.storyboard;
			sourceTree = "<group>";
		};
		637D8C801979A36D00155352 /* InfoPlist.strings */ = {
			isa = PBXVariantGroup;
			children = (
				637D8C811979A36D00155352 /* en */,
			);
			name = InfoPlist.strings;
			sourceTree = "<group>";
		};
/* End PBXVariantGroup section */

/* Begin XCBuildConfiguration section */
		637D8C851979A36D00155352 /* Debug */ = {
			isa = XCBuildConfiguration;
			buildSettings = {
				ALWAYS_SEARCH_USER_PATHS = NO;
				CLANG_CXX_LANGUAGE_STANDARD = "gnu++0x";
				CLANG_CXX_LIBRARY = "libc++";
				CLANG_ENABLE_MODULES = YES;
				CLANG_ENABLE_OBJC_ARC = YES;
				CLANG_WARN_BOOL_CONVERSION = YES;
				CLANG_WARN_CONSTANT_CONVERSION = YES;
				CLANG_WARN_DIRECT_OBJC_ISA_USAGE = YES_ERROR;
				CLANG_WARN_EMPTY_BODY = YES;
				CLANG_WARN_ENUM_CONVERSION = YES;
				CLANG_WARN_INT_CONVERSION = YES;
				CLANG_WARN_OBJC_ROOT_CLASS = YES_ERROR;
				CLANG_WARN__DUPLICATE_METHOD_MATCH = YES;
				"CODE_SIGN_IDENTITY[sdk=iphoneos*]" = "iPhone Developer";
				COPY_PHASE_STRIP = NO;
				GCC_C_LANGUAGE_STANDARD = gnu99;
				GCC_DYNAMIC_NO_PIC = NO;
				GCC_OPTIMIZATION_LEVEL = 0;
				GCC_PREPROCESSOR_DEFINITIONS = (
					"DEBUG=1",
					"$(inherited)",
				);
				GCC_SYMBOLS_PRIVATE_EXTERN = NO;
				GCC_WARN_64_TO_32_BIT_CONVERSION = YES;
				GCC_WARN_ABOUT_RETURN_TYPE = YES_ERROR;
				GCC_WARN_UNDECLARED_SELECTOR = YES;
				GCC_WARN_UNINITIALIZED_AUTOS = YES_AGGRESSIVE;
				GCC_WARN_UNUSED_FUNCTION = YES;
				GCC_WARN_UNUSED_VARIABLE = YES;
				IPHONEOS_DEPLOYMENT_TARGET = 7.1;
				ONLY_ACTIVE_ARCH = YES;
				SDKROOT = iphoneos;
				TARGETED_DEVICE_FAMILY = "1,2";
			};
			name = Debug;
		};
		637D8C861979A36D00155352 /* Release */ = {
			isa = XCBuildConfiguration;
			buildSettings = {
				ALWAYS_SEARCH_USER_PATHS = NO;
				CLANG_CXX_LANGUAGE_STANDARD = "gnu++0x";
				CLANG_CXX_LIBRARY = "libc++";
				CLANG_ENABLE_MODULES = YES;
				CLANG_ENABLE_OBJC_ARC = YES;
				CLANG_WARN_BOOL_CONVERSION = YES;
				CLANG_WARN_CONSTANT_CONVERSION = YES;
				CLANG_WARN_DIRECT_OBJC_ISA_USAGE = YES_ERROR;
				CLANG_WARN_EMPTY_BODY = YES;
				CLANG_WARN_ENUM_CONVERSION = YES;
				CLANG_WARN_INT_CONVERSION = YES;
				CLANG_WARN_OBJC_ROOT_CLASS = YES_ERROR;
				CLANG_WARN__DUPLICATE_METHOD_MATCH = YES;
				"CODE_SIGN_IDENTITY[sdk=iphoneos*]" = "iPhone Developer";
				COPY_PHASE_STRIP = YES;
				ENABLE_NS_ASSERTIONS = NO;
				GCC_C_LANGUAGE_STANDARD = gnu99;
				GCC_WARN_64_TO_32_BIT_CONVERSION = YES;
				GCC_WARN_ABOUT_RETURN_TYPE = YES_ERROR;
				GCC_WARN_UNDECLARED_SELECTOR = YES;
				GCC_WARN_UNINITIALIZED_AUTOS = YES_AGGRESSIVE;
				GCC_WARN_UNUSED_FUNCTION = YES;
				GCC_WARN_UNUSED_VARIABLE = YES;
				IPHONEOS_DEPLOYMENT_TARGET = 7.1;
				SDKROOT = iphoneos;
				TARGETED_DEVICE_FAMILY = "1,2";
				VALIDATE_PRODUCT = YES;
			};
			name = Release;
		};
		637D8C881979A36D00155352 /* Debug */ = {
			isa = XCBuildConfiguration;
			buildSettings = {
				ASSETCATALOG_COMPILER_APPICON_NAME = AppIcon;
				ASSETCATALOG_COMPILER_LAUNCHIMAGE_NAME = LaunchImage;
				GCC_PRECOMPILE_PREFIX_HEADER = YES;
				GCC_PREFIX_HEADER = "zack-storage-demo/zack-storage-demo-Prefix.pch";
				INFOPLIST_FILE = "zack-storage-demo/zack-storage-demo-Info.plist";
				LIBRARY_SEARCH_PATHS = (
					"$(inherited)",
					"/Users/david/github/MobileServicesResourceBroker/client/ios/sdk/build/Debug-iphoneos",
				);
				PRODUCT_NAME = "$(TARGET_NAME)";
				WRAPPER_EXTENSION = app;
			};
			name = Debug;
		};
		637D8C891979A36D00155352 /* Release */ = {
			isa = XCBuildConfiguration;
			buildSettings = {
				ASSETCATALOG_COMPILER_APPICON_NAME = AppIcon;
				ASSETCATALOG_COMPILER_LAUNCHIMAGE_NAME = LaunchImage;
				GCC_PRECOMPILE_PREFIX_HEADER = YES;
				GCC_PREFIX_HEADER = "zack-storage-demo/zack-storage-demo-Prefix.pch";
				INFOPLIST_FILE = "zack-storage-demo/zack-storage-demo-Info.plist";
				LIBRARY_SEARCH_PATHS = (
					"$(inherited)",
					"/Users/david/github/MobileServicesResourceBroker/client/ios/sdk/build/Debug-iphoneos",
				);
				PRODUCT_NAME = "$(TARGET_NAME)";
				WRAPPER_EXTENSION = app;
			};
			name = Release;
		};
		637D8C8B1979A36D00155352 /* Debug */ = {
			isa = XCBuildConfiguration;
			buildSettings = {
				BUNDLE_LOADER = "$(BUILT_PRODUCTS_DIR)/zack-storage-demo.app/zack-storage-demo";
				FRAMEWORK_SEARCH_PATHS = (
					"$(SDKROOT)/Developer/Library/Frameworks",
					"$(inherited)",
					"$(DEVELOPER_FRAMEWORKS_DIR)",
				);
				GCC_PRECOMPILE_PREFIX_HEADER = YES;
				GCC_PREFIX_HEADER = "zack-storage-demo/zack-storage-demo-Prefix.pch";
				GCC_PREPROCESSOR_DEFINITIONS = (
					"DEBUG=1",
					"$(inherited)",
				);
				INFOPLIST_FILE = "zack-storage-demoTests/zack-storage-demoTests-Info.plist";
				PRODUCT_NAME = "$(TARGET_NAME)";
				TEST_HOST = "$(BUNDLE_LOADER)";
				WRAPPER_EXTENSION = xctest;
			};
			name = Debug;
		};
		637D8C8C1979A36D00155352 /* Release */ = {
			isa = XCBuildConfiguration;
			buildSettings = {
				BUNDLE_LOADER = "$(BUILT_PRODUCTS_DIR)/zack-storage-demo.app/zack-storage-demo";
				FRAMEWORK_SEARCH_PATHS = (
					"$(SDKROOT)/Developer/Library/Frameworks",
					"$(inherited)",
					"$(DEVELOPER_FRAMEWORKS_DIR)",
				);
				GCC_PRECOMPILE_PREFIX_HEADER = YES;
				GCC_PREFIX_HEADER = "zack-storage-demo/zack-storage-demo-Prefix.pch";
				INFOPLIST_FILE = "zack-storage-demoTests/zack-storage-demoTests-Info.plist";
				PRODUCT_NAME = "$(TARGET_NAME)";
				TEST_HOST = "$(BUNDLE_LOADER)";
				WRAPPER_EXTENSION = xctest;
			};
			name = Release;
		};
/* End XCBuildConfiguration section */

/* Begin XCConfigurationList section */
		637D8C4D1979A36C00155352 /* Build configuration list for PBXProject "zack-storage-demo" */ = {
			isa = XCConfigurationList;
			buildConfigurations = (
				637D8C851979A36D00155352 /* Debug */,
				637D8C861979A36D00155352 /* Release */,
			);
			defaultConfigurationIsVisible = 0;
			defaultConfigurationName = Release;
		};
		637D8C871979A36D00155352 /* Build configuration list for PBXNativeTarget "zack-storage-demo" */ = {
			isa = XCConfigurationList;
			buildConfigurations = (
				637D8C881979A36D00155352 /* Debug */,
				637D8C891979A36D00155352 /* Release */,
			);
			defaultConfigurationIsVisible = 0;
		};
		637D8C8A1979A36D00155352 /* Build configuration list for PBXNativeTarget "zack-storage-demoTests" */ = {
			isa = XCConfigurationList;
			buildConfigurations = (
				637D8C8B1979A36D00155352 /* Debug */,
				637D8C8C1979A36D00155352 /* Release */,
			);
			defaultConfigurationIsVisible = 0;
		};
/* End XCConfigurationList section */
	};
	rootObject = 637D8C4A1979A36C00155352 /* Project object */;
}
